// !$*UTF8*$!
{
	archiveVersion = 1;
	classes = {
	};
	objectVersion = 50;
	objects = {

/* Begin PBXBuildFile section */
		AABBF0F824840ECC00982705 /* AppDelegate.swift in Sources */ = {isa = PBXBuildFile; fileRef = AABBF0F724840ECC00982705 /* AppDelegate.swift */; };
		AABBF0FA24840ECC00982705 /* SceneDelegate.swift in Sources */ = {isa = PBXBuildFile; fileRef = AABBF0F924840ECC00982705 /* SceneDelegate.swift */; };
		AABBF0FC24840ECC00982705 /* ViewController.swift in Sources */ = {isa = PBXBuildFile; fileRef = AABBF0FB24840ECC00982705 /* ViewController.swift */; };
		AABBF0FF24840ECC00982705 /* Main.storyboard in Resources */ = {isa = PBXBuildFile; fileRef = AABBF0FD24840ECC00982705 /* Main.storyboard */; };
		AABBF10124840ED000982705 /* Assets.xcassets in Resources */ = {isa = PBXBuildFile; fileRef = AABBF10024840ED000982705 /* Assets.xcassets */; };
		AABBF10424840ED000982705 /* LaunchScreen.storyboard in Resources */ = {isa = PBXBuildFile; fileRef = AABBF10224840ED000982705 /* LaunchScreen.storyboard */; };
		AABBF10C248442D200982705 /* AboutViewController.swift in Sources */ = {isa = PBXBuildFile; fileRef = AABBF10B248442D200982705 /* AboutViewController.swift */; };
		AABBF1122484463A00982705 /* WebKit.framework in Frameworks */ = {isa = PBXBuildFile; fileRef = AABBF1112484463A00982705 /* WebKit.framework */; };
/* End PBXBuildFile section */

/* Begin PBXFileReference section */
		AABBF0F424840ECC00982705 /* SliderColorPicker.app */ = {isa = PBXFileReference; explicitFileType = wrapper.application; includeInIndex = 0; path = SliderColorPicker.app; sourceTree = BUILT_PRODUCTS_DIR; };
		AABBF0F724840ECC00982705 /* AppDelegate.swift */ = {isa = PBXFileReference; lastKnownFileType = sourcecode.swift; path = AppDelegate.swift; sourceTree = "<group>"; };
		AABBF0F924840ECC00982705 /* SceneDelegate.swift */ = {isa = PBXFileReference; lastKnownFileType = sourcecode.swift; path = SceneDelegate.swift; sourceTree = "<group>"; };
		AABBF0FB24840ECC00982705 /* ViewController.swift */ = {isa = PBXFileReference; lastKnownFileType = sourcecode.swift; path = ViewController.swift; sourceTree = "<group>"; };
		AABBF0FE24840ECC00982705 /* Base */ = {isa = PBXFileReference; lastKnownFileType = file.storyboard; name = Base; path = Base.lproj/Main.storyboard; sourceTree = "<group>"; };
		AABBF10024840ED000982705 /* Assets.xcassets */ = {isa = PBXFileReference; lastKnownFileType = folder.assetcatalog; path = Assets.xcassets; sourceTree = "<group>"; };
		AABBF10324840ED000982705 /* Base */ = {isa = PBXFileReference; lastKnownFileType = file.storyboard; name = Base; path = Base.lproj/LaunchScreen.storyboard; sourceTree = "<group>"; };
		AABBF10524840ED000982705 /* Info.plist */ = {isa = PBXFileReference; lastKnownFileType = text.plist.xml; path = Info.plist; sourceTree = "<group>"; };
		AABBF10B248442D200982705 /* AboutViewController.swift */ = {isa = PBXFileReference; lastKnownFileType = sourcecode.swift; path = AboutViewController.swift; sourceTree = "<group>"; };
		AABBF1112484463A00982705 /* WebKit.framework */ = {isa = PBXFileReference; lastKnownFileType = wrapper.framework; name = WebKit.framework; path = System/Library/Frameworks/WebKit.framework; sourceTree = SDKROOT; };
/* End PBXFileReference section */

/* Begin PBXFrameworksBuildPhase section */
		AABBF0F124840ECC00982705 /* Frameworks */ = {
			isa = PBXFrameworksBuildPhase;
			buildActionMask = 2147483647;
			files = (
				AABBF1122484463A00982705 /* WebKit.framework in Frameworks */,
			);
			runOnlyForDeploymentPostprocessing = 0;
		};
/* End PBXFrameworksBuildPhase section */

/* Begin PBXGroup section */
		AABBF0EB24840ECC00982705 = {
			isa = PBXGroup;
			children = (
				AABBF0F624840ECC00982705 /* SliderColorPicker */,
				AABBF0F524840ECC00982705 /* Products */,
				AABBF1102484463A00982705 /* Frameworks */,
			);
			sourceTree = "<group>";
		};
		AABBF0F524840ECC00982705 /* Products */ = {
			isa = PBXGroup;
			children = (
				AABBF0F424840ECC00982705 /* SliderColorPicker.app */,
			);
			name = Products;
			sourceTree = "<group>";
		};
		AABBF0F624840ECC00982705 /* SliderColorPicker */ = {
			isa = PBXGroup;
			children = (
				AABBF0F724840ECC00982705 /* AppDelegate.swift */,
				AABBF0F924840ECC00982705 /* SceneDelegate.swift */,
				AABBF10B248442D200982705 /* AboutViewController.swift */,
				AABBF0FB24840ECC00982705 /* ViewController.swift */,
				AABBF0FD24840ECC00982705 /* Main.storyboard */,
				AABBF10024840ED000982705 /* Assets.xcassets */,
				AABBF10224840ED000982705 /* LaunchScreen.storyboard */,
				AABBF10524840ED000982705 /* Info.plist */,
			);
			path = SliderColorPicker;
			sourceTree = "<group>";
		};
		AABBF1102484463A00982705 /* Frameworks */ = {
			isa = PBXGroup;
			children = (
				AABBF1112484463A00982705 /* WebKit.framework */,
			);
			name = Frameworks;
			sourceTree = "<group>";
		};
/* End PBXGroup section */

/* Begin PBXNativeTarget section */
		AABBF0F324840ECC00982705 /* SliderColorPicker */ = {
			isa = PBXNativeTarget;
			buildConfigurationList = AABBF10824840ED000982705 /* Build configuration list for PBXNativeTarget "SliderColorPicker" */;
			buildPhases = (
				AABBF0F024840ECC00982705 /* Sources */,
				AABBF0F124840ECC00982705 /* Frameworks */,
				AABBF0F224840ECC00982705 /* Resources */,
			);
			buildRules = (
			);
			dependencies = (
			);
			name = SliderColorPicker;
			productName = SliderColorPicker;
			productReference = AABBF0F424840ECC00982705 /* SliderColorPicker.app */;
			productType = "com.apple.product-type.application";
		};
/* End PBXNativeTarget section */

/* Begin PBXProject section */
		AABBF0EC24840ECC00982705 /* Project object */ = {
			isa = PBXProject;
			attributes = {
				LastSwiftUpdateCheck = 1140;
				LastUpgradeCheck = 1140;
				ORGANIZATIONNAME = "Srithan Savela";
				TargetAttributes = {
					AABBF0F324840ECC00982705 = {
						CreatedOnToolsVersion = 11.4.1;
					};
				};
			};
			buildConfigurationList = AABBF0EF24840ECC00982705 /* Build configuration list for PBXProject "SliderColorPicker" */;
			compatibilityVersion = "Xcode 9.3";
			developmentRegion = en;
			hasScannedForEncodings = 0;
			knownRegions = (
				en,
				Base,
			);
			mainGroup = AABBF0EB24840ECC00982705;
			productRefGroup = AABBF0F524840ECC00982705 /* Products */;
			projectDirPath = "";
			projectRoot = "";
			targets = (
				AABBF0F324840ECC00982705 /* SliderColorPicker */,
			);
		};
/* End PBXProject section */

/* Begin PBXResourcesBuildPhase section */
		AABBF0F224840ECC00982705 /* Resources */ = {
			isa = PBXResourcesBuildPhase;
			buildActionMask = 2147483647;
			files = (
				AABBF10424840ED000982705 /* LaunchScreen.storyboard in Resources */,
				AABBF10124840ED000982705 /* Assets.xcassets in Resources */,
				AABBF0FF24840ECC00982705 /* Main.storyboard in Resources */,
			);
			runOnlyForDeploymentPostprocessing = 0;
		};
/* End PBXResourcesBuildPhase section */

/* Begin PBXSourcesBuildPhase section */
		AABBF0F024840ECC00982705 /* Sources */ = {
			isa = PBXSourcesBuildPhase;
			buildActionMask = 2147483647;
			files = (
				AABBF0FC24840ECC00982705 /* ViewController.swift in Sources */,
				AABBF0F824840ECC00982705 /* AppDelegate.swift in Sources */,
				AABBF10C248442D200982705 /* AboutViewController.swift in Sources */,
				AABBF0FA24840ECC00982705 /* SceneDelegate.swift in Sources */,
			);
			runOnlyForDeploymentPostprocessing = 0;
		};
/* End PBXSourcesBuildPhase section */

/* Begin PBXVariantGroup section */
		AABBF0FD24840ECC00982705 /* Main.storyboard */ = {
			isa = PBXVariantGroup;
			children = (
				AABBF0FE24840ECC00982705 /* Base */,
			);
			name = Main.storyboard;
			sourceTree = "<group>";
		};
		AABBF10224840ED000982705 /* LaunchScreen.storyboard */ = {
			isa = PBXVariantGroup;
			children = (
				AABBF10324840ED000982705 /* Base */,
			);
			name = LaunchScreen.storyboard;
			sourceTree = "<group>";
		};
/* End PBXVariantGroup section */

/* Begin XCBuildConfiguration section */
		AABBF10624840ED000982705 /* Debug */ = {
			isa = XCBuildConfiguration;
			buildSettings = {
				ALWAYS_SEARCH_USER_PATHS = NO;
				CLANG_ANALYZER_NONNULL = YES;
				CLANG_ANALYZER_NUMBER_OBJECT_CONVERSION = YES_AGGRESSIVE;
				CLANG_CXX_LANGUAGE_STANDARD = "gnu++14";
				CLANG_CXX_LIBRARY = "libc++";
				CLANG_ENABLE_MODULES = YES;
				CLANG_ENABLE_OBJC_ARC = YES;
				CLANG_ENABLE_OBJC_WEAK = YES;
				CLANG_WARN_BLOCK_CAPTURE_AUTORELEASING = YES;
				CLANG_WARN_BOOL_CONVERSION = YES;
				CLANG_WARN_COMMA = YES;
				CLANG_WARN_CONSTANT_CONVERSION = YES;
				CLANG_WARN_DEPRECATED_OBJC_IMPLEMENTATIONS = YES;
				CLANG_WARN_DIRECT_OBJC_ISA_USAGE = YES_ERROR;
				CLANG_WARN_DOCUMENTATION_COMMENTS = YES;
				CLANG_WARN_EMPTY_BODY = YES;
				CLANG_WARN_ENUM_CONVERSION = YES;
				CLANG_WARN_INFINITE_RECURSION = YES;
				CLANG_WARN_INT_CONVERSION = YES;
				CLANG_WARN_NON_LITERAL_NULL_CONVERSION = YES;
				CLANG_WARN_OBJC_IMPLICIT_RETAIN_SELF = YES;
				CLANG_WARN_OBJC_LITERAL_CONVERSION = YES;
				CLANG_WARN_OBJC_ROOT_CLASS = YES_ERROR;
				CLANG_WARN_RANGE_LOOP_ANALYSIS = YES;
				CLANG_WARN_STRICT_PROTOTYPES = YES;
				CLANG_WARN_SUSPICIOUS_MOVE = YES;
				CLANG_WARN_UNGUARDED_AVAILABILITY = YES_AGGRESSIVE;
				CLANG_WARN_UNREACHABLE_CODE = YES;
				CLANG_WARN__DUPLICATE_METHOD_MATCH = YES;
				COPY_PHASE_STRIP = NO;
				DEBUG_INFORMATION_FORMAT = dwarf;
				ENABLE_STRICT_OBJC_MSGSEND = YES;
				ENABLE_TESTABILITY = YES;
				GCC_C_LANGUAGE_STANDARD = gnu11;
				GCC_DYNAMIC_NO_PIC = NO;
				GCC_NO_COMMON_BLOCKS = YES;
				GCC_OPTIMIZATION_LEVEL = 0;
				GCC_PREPROCESSOR_DEFINITIONS = (
					"DEBUG=1",
					"$(inherited)",
				);
				GCC_WARN_64_TO_32_BIT_CONVERSION = YES;
				GCC_WARN_ABOUT_RETURN_TYPE = YES_ERROR;
				GCC_WARN_UNDECLARED_SELECTOR = YES;
				GCC_WARN_UNINITIALIZED_AUTOS = YES_AGGRESSIVE;
				GCC_WARN_UNUSED_FUNCTION = YES;
				GCC_WARN_UNUSED_VARIABLE = YES;
				IPHONEOS_DEPLOYMENT_TARGET = 13.4;
				MTL_ENABLE_DEBUG_INFO = INCLUDE_SOURCE;
				MTL_FAST_MATH = YES;
				ONLY_ACTIVE_ARCH = YES;
				SDKROOT = iphoneos;
				SWIFT_ACTIVE_COMPILATION_CONDITIONS = DEBUG;
				SWIFT_OPTIMIZATION_LEVEL = "-Onone";
			};
			name = Debug;
		};
		AABBF10724840ED000982705 /* Release */ = {
			isa = XCBuildConfiguration;
			buildSettings = {
				ALWAYS_SEARCH_USER_PATHS = NO;
				CLANG_ANALYZER_NONNULL = YES;
				CLANG_ANALYZER_NUMBER_OBJECT_CONVERSION = YES_AGGRESSIVE;
				CLANG_CXX_LANGUAGE_STANDARD = "gnu++14";
				CLANG_CXX_LIBRARY = "libc++";
				CLANG_ENABLE_MODULES = YES;
				CLANG_ENABLE_OBJC_ARC = YES;
				CLANG_ENABLE_OBJC_WEAK = YES;
				CLANG_WARN_BLOCK_CAPTURE_AUTORELEASING = YES;
				CLANG_WARN_BOOL_CONVERSION = YES;
				CLANG_WARN_COMMA = YES;
				CLANG_WARN_CONSTANT_CONVERSION = YES;
				CLANG_WARN_DEPRECATED_OBJC_IMPLEMENTATIONS = YES;
				CLANG_WARN_DIRECT_OBJC_ISA_USAGE = YES_ERROR;
				CLANG_WARN_DOCUMENTATION_COMMENTS = YES;
				CLANG_WARN_EMPTY_BODY = YES;
				CLANG_WARN_ENUM_CONVERSION = YES;
				CLANG_WARN_INFINITE_RECURSION = YES;
				CLANG_WARN_INT_CONVERSION = YES;
				CLANG_WARN_NON_LITERAL_NULL_CONVERSION = YES;
				CLANG_WARN_OBJC_IMPLICIT_RETAIN_SELF = YES;
				CLANG_WARN_OBJC_LITERAL_CONVERSION = YES;
				CLANG_WARN_OBJC_ROOT_CLASS = YES_ERROR;
				CLANG_WARN_RANGE_LOOP_ANALYSIS = YES;
				CLANG_WARN_STRICT_PROTOTYPES = YES;
				CLANG_WARN_SUSPICIOUS_MOVE = YES;
				CLANG_WARN_UNGUARDED_AVAILABILITY = YES_AGGRESSIVE;
				CLANG_WARN_UNREACHABLE_CODE = YES;
				CLANG_WARN__DUPLICATE_METHOD_MATCH = YES;
				COPY_PHASE_STRIP = NO;
				DEBUG_INFORMATION_FORMAT = "dwarf-with-dsym";
				ENABLE_NS_ASSERTIONS = NO;
				ENABLE_STRICT_OBJC_MSGSEND = YES;
				GCC_C_LANGUAGE_STANDARD = gnu11;
				GCC_NO_COMMON_BLOCKS = YES;
				GCC_WARN_64_TO_32_BIT_CONVERSION = YES;
				GCC_WARN_ABOUT_RETURN_TYPE = YES_ERROR;
				GCC_WARN_UNDECLARED_SELECTOR = YES;
				GCC_WARN_UNINITIALIZED_AUTOS = YES_AGGRESSIVE;
				GCC_WARN_UNUSED_FUNCTION = YES;
				GCC_WARN_UNUSED_VARIABLE = YES;
				IPHONEOS_DEPLOYMENT_TARGET = 13.4;
				MTL_ENABLE_DEBUG_INFO = NO;
				MTL_FAST_MATH = YES;
				SDKROOT = iphoneos;
				SWIFT_COMPILATION_MODE = wholemodule;
				SWIFT_OPTIMIZATION_LEVEL = "-O";
				VALIDATE_PRODUCT = YES;
			};
			name = Release;
		};
		AABBF10924840ED000982705 /* Debug */ = {
			isa = XCBuildConfiguration;
			buildSettings = {
				ASSETCATALOG_COMPILER_APPICON_NAME = AppIcon;
				CODE_SIGN_STYLE = Automatic;
				DEVELOPMENT_TEAM = 9RY5W5XU22;
				INFOPLIST_FILE = SliderColorPicker/Info.plist;
				LD_RUNPATH_SEARCH_PATHS = (
					"$(inherited)",
					"@executable_path/Frameworks",
				);
				PRODUCT_BUNDLE_IDENTIFIER = com.iamsrithan.SliderColorPicker;
				PRODUCT_NAME = "$(TARGET_NAME)";
				SWIFT_VERSION = 5.0;
				TARGETED_DEVICE_FAMILY = "1,2";
			};
			name = Debug;
		};
		AABBF10A24840ED000982705 /* Release */ = {
			isa = XCBuildConfiguration;
			buildSettings = {
				ASSETCATALOG_COMPILER_APPICON_NAME = AppIcon;
				CODE_SIGN_STYLE = Automatic;
				DEVELOPMENT_TEAM = 9RY5W5XU22;
				INFOPLIST_FILE = SliderColorPicker/Info.plist;
				LD_RUNPATH_SEARCH_PATHS = (
					"$(inherited)",
					"@executable_path/Frameworks",
				);
				PRODUCT_BUNDLE_IDENTIFIER = com.iamsrithan.SliderColorPicker;
				PRODUCT_NAME = "$(TARGET_NAME)";
				SWIFT_VERSION = 5.0;
				TARGETED_DEVICE_FAMILY = "1,2";
			};
			name = Release;
		};
/* End XCBuildConfiguration section */

/* Begin XCConfigurationList section */
		AABBF0EF24840ECC00982705 /* Build configuration list for PBXProject "SliderColorPicker" */ = {
			isa = XCConfigurationList;
			buildConfigurations = (
				AABBF10624840ED000982705 /* Debug */,
				AABBF10724840ED000982705 /* Release */,
			);
			defaultConfigurationIsVisible = 0;
			defaultConfigurationName = Release;
		};
		AABBF10824840ED000982705 /* Build configuration list for PBXNativeTarget "SliderColorPicker" */ = {
			isa = XCConfigurationList;
			buildConfigurations = (
				AABBF10924840ED000982705 /* Debug */,
				AABBF10A24840ED000982705 /* Release */,
			);
			defaultConfigurationIsVisible = 0;
			defaultConfigurationName = Release;
		};
/* End XCConfigurationList section */
	};
	rootObject = AABBF0EC24840ECC00982705 /* Project object */;
}
